lib.dev/nameconv v0.0.0-20221223233617-17b12b997591 h1:JTHsLH0FOHeAvWpNPuwWwC3vak0tY7fuV6RUf5plX3M=
lib.dev/nameconv v0.0.0-20221223233617-17b12b997591/go.mod h1:ZreROP6WykjnxzAILXM2u1LRXb8qiJm/nqt6x+5Yj5M=
lib.dev/strutil v0.0.0-20230103031229-6f003e85765b h1:F3Fk7kffHzGCpJvUdXPXaHQC+diumdMspKtT3nGJnT0=
lib.dev/strutil v0.0.0-20230103031229-6f003e85765b/go.mod h1:LwfTpYWH4D13vlFUsy1SeY5y5Uq/BTC3rJ4iEG9VE1E=
